{
  "name": "DW-MarinaRamosRuiz",
  "lockfileVersion": 3,
  "requires": true,
  "packages": {
    "": {
      "dependencies": {
        "lightbox2": "^2.11.5",
        "rellax": "^1.12.1"
      }
    },
    "node_modules/lightbox2": {
      "version": "2.11.5",
      "resolved": "https://registry.npmjs.org/lightbox2/-/lightbox2-2.11.5.tgz",
      "integrity": "sha512-IsDqv/D9pjgh7GvwTNvmHF98+nrIcOD17fraXgtx8ivq469y95l5ycLi6SeZAZHdeyD3cGLjYwbDX8SRfWx5fA=="
    },
    "node_modules/rellax": {
      "version": "1.12.1",
      "resolved": "https://registry.npmjs.org/rellax/-/rellax-1.12.1.tgz",
      "integrity": "sha512-XBIi0CDpW5FLTujYjYBn1CIbK2CJL6TsAg/w409KghP2LucjjzBjsujXDAjyBLWgsfupfUcL5WzdnIPcGfK7XA=="
    }
  }
}
